
Microsoft Visual Studio Solution File, Format Version 12.00
# Visual Studio 15
VisualStudioVersion = 15.0.28307.1145
MinimumVisualStudioVersion = 10.0.40219.1
Project("{FAE04EC0-301F-11D3-BF4B-00C04F79EFBC}") = "MicroprocessorSimulator", "MicroprocessorSimulator\MicroprocessorSimulator.csproj", "{4ABCFC3C-3F51-43D4-B771-36A0977902FB}"
EndProject
Global
	GlobalSection(SolutionConfigurationPlatforms) = preSolution
		Debug|Any CPU = Debug|Any CPU
		Release|Any CPU = Release|Any CPU
	EndGlobalSection
	GlobalSection(ProjectConfigurationPlatforms) = postSolution
		{4ABCFC3C-3F51-43D4-B771-36A0977902FB}.Debug|Any CPU.ActiveCfg = Debug|Any CPU
		{4ABCFC3C-3F51-43D4-B771-36A0977902FB}.Debug|Any CPU.Build.0 = Debug|Any CPU
		{4ABCFC3C-3F51-43D4-B771-36A0977902FB}.Release|Any CPU.ActiveCfg = Release|Any CPU
		{4ABCFC3C-3F51-43D4-B771-36A0977902FB}.Release|Any CPU.Build.0 = Release|Any CPU
	EndGlobalSection
	GlobalSection(SolutionProperties) = preSolution
		HideSolutionNode = FALSE
	EndGlobalSection
	GlobalSection(ExtensibilityGlobals) = postSolution
		SolutionGuid = {9C2B9861-454C-4283-B2C9-C28979C7363C}
	EndGlobalSection
EndGlobal
